
Microsoft Visual Studio Solution File, Format Version 12.00
# Visual Studio 15
VisualStudioVersion = 15.0.28307.1000
MinimumVisualStudioVersion = 10.0.40219.1
Project("{FAE04EC0-301F-11D3-BF4B-00C04F79EFBC}") = "Bucketlist-Domain", "Bucketlist_Project\Bucketlist-Domain.csproj", "{1675CB33-7EDA-49F3-BF4E-B0347E739AA4}"
EndProject
Global
	GlobalSection(SolutionConfigurationPlatforms) = preSolution
		Debug|Any CPU = Debug|Any CPU
		Release|Any CPU = Release|Any CPU
	EndGlobalSection
	GlobalSection(ProjectConfigurationPlatforms) = postSolution
		{1675CB33-7EDA-49F3-BF4E-B0347E739AA4}.Debug|Any CPU.ActiveCfg = Debug|Any CPU
		{1675CB33-7EDA-49F3-BF4E-B0347E739AA4}.Debug|Any CPU.Build.0 = Debug|Any CPU
		{1675CB33-7EDA-49F3-BF4E-B0347E739AA4}.Release|Any CPU.ActiveCfg = Release|Any CPU
		{1675CB33-7EDA-49F3-BF4E-B0347E739AA4}.Release|Any CPU.Build.0 = Release|Any CPU
	EndGlobalSection
	GlobalSection(SolutionProperties) = preSolution
		HideSolutionNode = FALSE
	EndGlobalSection
	GlobalSection(ExtensibilityGlobals) = postSolution
		SolutionGuid = {B358F8B4-456E-453D-892D-D85E53CC383C}
	EndGlobalSection
EndGlobal
